
Microsoft Visual Studio Solution File, Format Version 12.00
# Visual Studio 15
VisualStudioVersion = 15.0.28307.645
MinimumVisualStudioVersion = 10.0.40219.1
Project("{FAE04EC0-301F-11D3-BF4B-00C04F79EFBC}") = "WebUploaderDemo", "WebUploaderDemo\WebUploaderDemo.csproj", "{9C508F43-38EC-448D-9F06-FE58F7743E80}"
EndProject
Project("{FAE04EC0-301F-11D3-BF4B-00C04F79EFBC}") = "WebApplication1", "WebApplication1\WebApplication1.csproj", "{B8FC2463-1CF1-421B-8DF5-5769BEF5AF2C}"
EndProject
Global
	GlobalSection(SolutionConfigurationPlatforms) = preSolution
		Debug|Any CPU = Debug|Any CPU
		Release|Any CPU = Release|Any CPU
	EndGlobalSection
	GlobalSection(ProjectConfigurationPlatforms) = postSolution
		{9C508F43-38EC-448D-9F06-FE58F7743E80}.Debug|Any CPU.ActiveCfg = Debug|Any CPU
		{9C508F43-38EC-448D-9F06-FE58F7743E80}.Debug|Any CPU.Build.0 = Debug|Any CPU
		{9C508F43-38EC-448D-9F06-FE58F7743E80}.Release|Any CPU.ActiveCfg = Release|Any CPU
		{9C508F43-38EC-448D-9F06-FE58F7743E80}.Release|Any CPU.Build.0 = Release|Any CPU
		{B8FC2463-1CF1-421B-8DF5-5769BEF5AF2C}.Debug|Any CPU.ActiveCfg = Debug|Any CPU
		{B8FC2463-1CF1-421B-8DF5-5769BEF5AF2C}.Debug|Any CPU.Build.0 = Debug|Any CPU
		{B8FC2463-1CF1-421B-8DF5-5769BEF5AF2C}.Release|Any CPU.ActiveCfg = Release|Any CPU
		{B8FC2463-1CF1-421B-8DF5-5769BEF5AF2C}.Release|Any CPU.Build.0 = Release|Any CPU
	EndGlobalSection
	GlobalSection(SolutionProperties) = preSolution
		HideSolutionNode = FALSE
	EndGlobalSection
	GlobalSection(ExtensibilityGlobals) = postSolution
		SolutionGuid = {0C3E32E9-67B6-4E89-BE17-CACF3E9D2629}
	EndGlobalSection
EndGlobal
